// !$*UTF8*$!
{
	archiveVersion = 1;
	classes = {
	};
	objectVersion = 48;
	objects = {

/* Begin PBXBuildFile section */
		8F2200FE1F8F98CB008B700D /* AppDelegate.m in Sources */ = {isa = PBXBuildFile; fileRef = 8F2200FD1F8F98CB008B700D /* AppDelegate.m */; };
		8F2201011F8F98CE008B700D /* ViewController.m in Sources */ = {isa = PBXBuildFile; fileRef = 8F2201001F8F98CE008B700D /* ViewController.m */; };
		8F2201041F8F98CF008B700D /* Main.storyboard in Resources */ = {isa = PBXBuildFile; fileRef = 8F2201021F8F98CF008B700D /* Main.storyboard */; };
		8F2201071F8F98D2008B700D /* New_Testing.xcdatamodeld in Sources */ = {isa = PBXBuildFile; fileRef = 8F2201051F8F98D2008B700D /* New_Testing.xcdatamodeld */; };
		8F2201091F8F98D2008B700D /* Assets.xcassets in Resources */ = {isa = PBXBuildFile; fileRef = 8F2201081F8F98D2008B700D /* Assets.xcassets */; };
		8F22010C1F8F98D2008B700D /* LaunchScreen.storyboard in Resources */ = {isa = PBXBuildFile; fileRef = 8F22010A1F8F98D2008B700D /* LaunchScreen.storyboard */; };
		8F22010F1F8F98D2008B700D /* main.m in Sources */ = {isa = PBXBuildFile; fileRef = 8F22010E1F8F98D2008B700D /* main.m */; };
/* End PBXBuildFile section */

/* Begin PBXFileReference section */
		8F2200F91F8F98C9008B700D /* New Testing.app */ = {isa = PBXFileReference; explicitFileType = wrapper.application; includeInIndex = 0; path = "New Testing.app"; sourceTree = BUILT_PRODUCTS_DIR; };
		8F2200FC1F8F98CA008B700D /* AppDelegate.h */ = {isa = PBXFileReference; lastKnownFileType = sourcecode.c.h; path = AppDelegate.h; sourceTree = "<group>"; };
		8F2200FD1F8F98CB008B700D /* AppDelegate.m */ = {isa = PBXFileReference; lastKnownFileType = sourcecode.c.objc; path = AppDelegate.m; sourceTree = "<group>"; };
		8F2200FF1F8F98CC008B700D /* ViewController.h */ = {isa = PBXFileReference; lastKnownFileType = sourcecode.c.h; path = ViewController.h; sourceTree = "<group>"; };
		8F2201001F8F98CE008B700D /* ViewController.m */ = {isa = PBXFileReference; lastKnownFileType = sourcecode.c.objc; path = ViewController.m; sourceTree = "<group>"; };
		8F2201031F8F98CF008B700D /* Base */ = {isa = PBXFileReference; lastKnownFileType = file.storyboard; name = Base; path = Base.lproj/Main.storyboard; sourceTree = "<group>"; };
		8F2201061F8F98D2008B700D /* New_Testing.xcdatamodel */ = {isa = PBXFileReference; lastKnownFileType = wrapper.xcdatamodel; path = New_Testing.xcdatamodel; sourceTree = "<group>"; };
		8F2201081F8F98D2008B700D /* Assets.xcassets */ = {isa = PBXFileReference; lastKnownFileType = folder.assetcatalog; path = Assets.xcassets; sourceTree = "<group>"; };
		8F22010B1F8F98D2008B700D /* Base */ = {isa = PBXFileReference; lastKnownFileType = file.storyboard; name = Base; path = Base.lproj/LaunchScreen.storyboard; sourceTree = "<group>"; };
		8F22010D1F8F98D2008B700D /* Info.plist */ = {isa = PBXFileReference; lastKnownFileType = text.plist.xml; path = Info.plist; sourceTree = "<group>"; };
		8F22010E1F8F98D2008B700D /* main.m */ = {isa = PBXFileReference; lastKnownFileType = sourcecode.c.objc; path = main.m; sourceTree = "<group>"; };
/* End PBXFileReference section */

/* Begin PBXFrameworksBuildPhase section */
		8F2200F61F8F98C8008B700D /* Frameworks */ = {
			isa = PBXFrameworksBuildPhase;
			buildActionMask = 2147483647;
			files = (
			);
			runOnlyForDeploymentPostprocessing = 0;
		};
/* End PBXFrameworksBuildPhase section */

/* Begin PBXGroup section */
		8F2200F01F8F98C7008B700D = {
			isa = PBXGroup;
			children = (
				8F2200FB1F8F98C9008B700D /* New Testing */,
				8F2200FA1F8F98C9008B700D /* Products */,
			);
			sourceTree = "<group>";
		};
		8F2200FA1F8F98C9008B700D /* Products */ = {
			isa = PBXGroup;
			children = (
				8F2200F91F8F98C9008B700D /* New Testing.app */,
			);
			name = Products;
			sourceTree = "<group>";
		};
		8F2200FB1F8F98C9008B700D /* New Testing */ = {
			isa = PBXGroup;
			children = (
				8F2200FC1F8F98CA008B700D /* AppDelegate.h */,
				8F2200FD1F8F98CB008B700D /* AppDelegate.m */,
				8F2200FF1F8F98CC008B700D /* ViewController.h */,
				8F2201001F8F98CE008B700D /* ViewController.m */,
				8F2201021F8F98CF008B700D /* Main.storyboard */,
				8F2201081F8F98D2008B700D /* Assets.xcassets */,
				8F22010A1F8F98D2008B700D /* LaunchScreen.storyboard */,
				8F22010D1F8F98D2008B700D /* Info.plist */,
				8F22010E1F8F98D2008B700D /* main.m */,
				8F2201051F8F98D2008B700D /* New_Testing.xcdatamodeld */,
			);
			path = "New Testing";
			sourceTree = "<group>";
		};
/* End PBXGroup section */

/* Begin PBXNativeTarget section */
		8F2200F81F8F98C8008B700D /* New Testing */ = {
			isa = PBXNativeTarget;
			buildConfigurationList = 8F2201121F8F98D2008B700D /* Build configuration list for PBXNativeTarget "New Testing" */;
			buildPhases = (
				8F2200F51F8F98C8008B700D /* Sources */,
				8F2200F61F8F98C8008B700D /* Frameworks */,
				8F2200F71F8F98C8008B700D /* Resources */,
			);
			buildRules = (
			);
			dependencies = (
			);
			name = "New Testing";
			productName = "New Testing";
			productReference = 8F2200F91F8F98C9008B700D /* New Testing.app */;
			productType = "com.apple.product-type.application";
		};
/* End PBXNativeTarget section */

/* Begin PBXProject section */
		8F2200F11F8F98C7008B700D /* Project object */ = {
			isa = PBXProject;
			attributes = {
				LastUpgradeCheck = 0900;
				ORGANIZATIONNAME = Prashant;
				TargetAttributes = {
					8F2200F81F8F98C8008B700D = {
						CreatedOnToolsVersion = 9.0;
						ProvisioningStyle = Automatic;
					};
				};
			};
			buildConfigurationList = 8F2200F41F8F98C7008B700D /* Build configuration list for PBXProject "New Testing" */;
			compatibilityVersion = "Xcode 8.0";
			developmentRegion = en;
			hasScannedForEncodings = 0;
			knownRegions = (
				en,
				Base,
			);
			mainGroup = 8F2200F01F8F98C7008B700D;
			productRefGroup = 8F2200FA1F8F98C9008B700D /* Products */;
			projectDirPath = "";
			projectRoot = "";
			targets = (
				8F2200F81F8F98C8008B700D /* New Testing */,
			);
		};
/* End PBXProject section */

/* Begin PBXResourcesBuildPhase section */
		8F2200F71F8F98C8008B700D /* Resources */ = {
			isa = PBXResourcesBuildPhase;
			buildActionMask = 2147483647;
			files = (
				8F22010C1F8F98D2008B700D /* LaunchScreen.storyboard in Resources */,
				8F2201091F8F98D2008B700D /* Assets.xcassets in Resources */,
				8F2201041F8F98CF008B700D /* Main.storyboard in Resources */,
			);
			runOnlyForDeploymentPostprocessing = 0;
		};
/* End PBXResourcesBuildPhase section */

/* Begin PBXSourcesBuildPhase section */
		8F2200F51F8F98C8008B700D /* Sources */ = {
			isa = PBXSourcesBuildPhase;
			buildActionMask = 2147483647;
			files = (
				8F2201071F8F98D2008B700D /* New_Testing.xcdatamodeld in Sources */,
				8F2201011F8F98CE008B700D /* ViewController.m in Sources */,
				8F22010F1F8F98D2008B700D /* main.m in Sources */,
				8F2200FE1F8F98CB008B700D /* AppDelegate.m in Sources */,
			);
			runOnlyForDeploymentPostprocessing = 0;
		};
/* End PBXSourcesBuildPhase section */

/* Begin PBXVariantGroup section */
		8F2201021F8F98CF008B700D /* Main.storyboard */ = {
			isa = PBXVariantGroup;
			children = (
				8F2201031F8F98CF008B700D /* Base */,
			);
			name = Main.storyboard;
			sourceTree = "<group>";
		};
		8F22010A1F8F98D2008B700D /* LaunchScreen.storyboard */ = {
			isa = PBXVariantGroup;
			children = (
				8F22010B1F8F98D2008B700D /* Base */,
			);
			name = LaunchScreen.storyboard;
			sourceTree = "<group>";
		};
/* End PBXVariantGroup section */

/* Begin XCBuildConfiguration section */
		8F2201101F8F98D2008B700D /* Debug */ = {
			isa = XCBuildConfiguration;
			buildSettings = {
				ALWAYS_SEARCH_USER_PATHS = NO;
				CLANG_ANALYZER_NONNULL = YES;
				CLANG_ANALYZER_NUMBER_OBJECT_CONVERSION = YES_AGGRESSIVE;
				CLANG_CXX_LANGUAGE_STANDARD = "gnu++14";
				CLANG_CXX_LIBRARY = "libc++";
				CLANG_ENABLE_MODULES = YES;
				CLANG_ENABLE_OBJC_ARC = YES;
				CLANG_WARN_BLOCK_CAPTURE_AUTORELEASING = YES;
				CLANG_WARN_BOOL_CONVERSION = YES;
				CLANG_WARN_COMMA = YES;
				CLANG_WARN_CONSTANT_CONVERSION = YES;
				CLANG_WARN_DIRECT_OBJC_ISA_USAGE = YES_ERROR;
				CLANG_WARN_DOCUMENTATION_COMMENTS = YES;
				CLANG_WARN_EMPTY_BODY = YES;
				CLANG_WARN_ENUM_CONVERSION = YES;
				CLANG_WARN_INFINITE_RECURSION = YES;
				CLANG_WARN_INT_CONVERSION = YES;
				CLANG_WARN_NON_LITERAL_NULL_CONVERSION = YES;
				CLANG_WARN_OBJC_LITERAL_CONVERSION = YES;
				CLANG_WARN_OBJC_ROOT_CLASS = YES_ERROR;
				CLANG_WARN_RANGE_LOOP_ANALYSIS = YES;
				CLANG_WARN_STRICT_PROTOTYPES = YES;
				CLANG_WARN_SUSPICIOUS_MOVE = YES;
				CLANG_WARN_UNGUARDED_AVAILABILITY = YES_AGGRESSIVE;
				CLANG_WARN_UNREACHABLE_CODE = YES;
				CLANG_WARN__DUPLICATE_METHOD_MATCH = YES;
				CODE_SIGN_IDENTITY = "iPhone Developer";
				COPY_PHASE_STRIP = NO;
				DEBUG_INFORMATION_FORMAT = dwarf;
				ENABLE_STRICT_OBJC_MSGSEND = YES;
				ENABLE_TESTABILITY = YES;
				GCC_C_LANGUAGE_STANDARD = gnu11;
				GCC_DYNAMIC_NO_PIC = NO;
				GCC_NO_COMMON_BLOCKS = YES;
				GCC_OPTIMIZATION_LEVEL = 0;
				GCC_PREPROCESSOR_DEFINITIONS = (
					"DEBUG=1",
					"$(inherited)",
				);
				GCC_WARN_64_TO_32_BIT_CONVERSION = YES;
				GCC_WARN_ABOUT_RETURN_TYPE = YES_ERROR;
				GCC_WARN_UNDECLARED_SELECTOR = YES;
				GCC_WARN_UNINITIALIZED_AUTOS = YES_AGGRESSIVE;
				GCC_WARN_UNUSED_FUNCTION = YES;
				GCC_WARN_UNUSED_VARIABLE = YES;
				IPHONEOS_DEPLOYMENT_TARGET = 11.0;
				MTL_ENABLE_DEBUG_INFO = YES;
				ONLY_ACTIVE_ARCH = YES;
				SDKROOT = iphoneos;
			};
			name = Debug;
		};
		8F2201111F8F98D2008B700D /* Release */ = {
			isa = XCBuildConfiguration;
			buildSettings = {
				ALWAYS_SEARCH_USER_PATHS = NO;
				CLANG_ANALYZER_NONNULL = YES;
				CLANG_ANALYZER_NUMBER_OBJECT_CONVERSION = YES_AGGRESSIVE;
				CLANG_CXX_LANGUAGE_STANDARD = "gnu++14";
				CLANG_CXX_LIBRARY = "libc++";
				CLANG_ENABLE_MODULES = YES;
				CLANG_ENABLE_OBJC_ARC = YES;
				CLANG_WARN_BLOCK_CAPTURE_AUTORELEASING = YES;
				CLANG_WARN_BOOL_CONVERSION = YES;
				CLANG_WARN_COMMA = YES;
				CLANG_WARN_CONSTANT_CONVERSION = YES;
				CLANG_WARN_DIRECT_OBJC_ISA_USAGE = YES_ERROR;
				CLANG_WARN_DOCUMENTATION_COMMENTS = YES;
				CLANG_WARN_EMPTY_BODY = YES;
				CLANG_WARN_ENUM_CONVERSION = YES;
				CLANG_WARN_INFINITE_RECURSION = YES;
				CLANG_WARN_INT_CONVERSION = YES;
				CLANG_WARN_NON_LITERAL_NULL_CONVERSION = YES;
				CLANG_WARN_OBJC_LITERAL_CONVERSION = YES;
				CLANG_WARN_OBJC_ROOT_CLASS = YES_ERROR;
				CLANG_WARN_RANGE_LOOP_ANALYSIS = YES;
				CLANG_WARN_STRICT_PROTOTYPES = YES;
				CLANG_WARN_SUSPICIOUS_MOVE = YES;
				CLANG_WARN_UNGUARDED_AVAILABILITY = YES_AGGRESSIVE;
				CLANG_WARN_UNREACHABLE_CODE = YES;
				CLANG_WARN__DUPLICATE_METHOD_MATCH = YES;
				CODE_SIGN_IDENTITY = "iPhone Developer";
				COPY_PHASE_STRIP = NO;
				DEBUG_INFORMATION_FORMAT = "dwarf-with-dsym";
				ENABLE_NS_ASSERTIONS = NO;
				ENABLE_STRICT_OBJC_MSGSEND = YES;
				GCC_C_LANGUAGE_STANDARD = gnu11;
				GCC_NO_COMMON_BLOCKS = YES;
				GCC_WARN_64_TO_32_BIT_CONVERSION = YES;
				GCC_WARN_ABOUT_RETURN_TYPE = YES_ERROR;
				GCC_WARN_UNDECLARED_SELECTOR = YES;
				GCC_WARN_UNINITIALIZED_AUTOS = YES_AGGRESSIVE;
				GCC_WARN_UNUSED_FUNCTION = YES;
				GCC_WARN_UNUSED_VARIABLE = YES;
				IPHONEOS_DEPLOYMENT_TARGET = 11.0;
				MTL_ENABLE_DEBUG_INFO = NO;
				SDKROOT = iphoneos;
				VALIDATE_PRODUCT = YES;
			};
			name = Release;
		};
		8F2201131F8F98D2008B700D /* Debug */ = {
			isa = XCBuildConfiguration;
			buildSettings = {
				ASSETCATALOG_COMPILER_APPICON_NAME = AppIcon;
				CODE_SIGN_STYLE = Automatic;
				INFOPLIST_FILE = "New Testing/Info.plist";
				LD_RUNPATH_SEARCH_PATHS = "$(inherited) @executable_path/Frameworks";
				PRODUCT_BUNDLE_IDENTIFIER = "com.New-Testing";
				PRODUCT_NAME = "$(TARGET_NAME)";
				TARGETED_DEVICE_FAMILY = "1,2";
			};
			name = Debug;
		};
		8F2201141F8F98D2008B700D /* Release */ = {
			isa = XCBuildConfiguration;
			buildSettings = {
				ASSETCATALOG_COMPILER_APPICON_NAME = AppIcon;
				CODE_SIGN_STYLE = Automatic;
				INFOPLIST_FILE = "New Testing/Info.plist";
				LD_RUNPATH_SEARCH_PATHS = "$(inherited) @executable_path/Frameworks";
				PRODUCT_BUNDLE_IDENTIFIER = "com.New-Testing";
				PRODUCT_NAME = "$(TARGET_NAME)";
				TARGETED_DEVICE_FAMILY = "1,2";
			};
			name = Release;
		};
/* End XCBuildConfiguration section */

/* Begin XCConfigurationList section */
		8F2200F41F8F98C7008B700D /* Build configuration list for PBXProject "New Testing" */ = {
			isa = XCConfigurationList;
			buildConfigurations = (
				8F2201101F8F98D2008B700D /* Debug */,
				8F2201111F8F98D2008B700D /* Release */,
			);
			defaultConfigurationIsVisible = 0;
			defaultConfigurationName = Release;
		};
		8F2201121F8F98D2008B700D /* Build configuration list for PBXNativeTarget "New Testing" */ = {
			isa = XCConfigurationList;
			buildConfigurations = (
				8F2201131F8F98D2008B700D /* Debug */,
				8F2201141F8F98D2008B700D /* Release */,
			);
			defaultConfigurationIsVisible = 0;
			defaultConfigurationName = Release;
		};
/* End XCConfigurationList section */

/* Begin XCVersionGroup section */
		8F2201051F8F98D2008B700D /* New_Testing.xcdatamodeld */ = {
			isa = XCVersionGroup;
			children = (
				8F2201061F8F98D2008B700D /* New_Testing.xcdatamodel */,
			);
			currentVersion = 8F2201061F8F98D2008B700D /* New_Testing.xcdatamodel */;
			path = New_Testing.xcdatamodeld;
			sourceTree = "<group>";
			versionGroupType = wrapper.xcdatamodel;
		};
/* End XCVersionGroup section */
	};
	rootObject = 8F2200F11F8F98C7008B700D /* Project object */;
}
